
Microsoft Visual Studio Solution File, Format Version 12.00
# Visual Studio Version 17
VisualStudioVersion = 17.2.32630.192
MinimumVisualStudioVersion = 10.0.40219.1
Project("{9A19103F-16F7-4668-BE54-9A1E7A4F7556}") = "R5T.F0136.Construction", "R5T.F0136.Construction\R5T.F0136.Construction.csproj", "{5663A648-B5C8-4BAE-8F74-EF2CF822965A}"
EndProject
Project("{9A19103F-16F7-4668-BE54-9A1E7A4F7556}") = "R5T.F0136", "R5T.F0136\R5T.F0136.csproj", "{F063CF79-3CFB-46ED-8F54-E6B6E4F7205C}"
EndProject
Global
	GlobalSection(SolutionConfigurationPlatforms) = preSolution
		Debug|Any CPU = Debug|Any CPU
		Release|Any CPU = Release|Any CPU
	EndGlobalSection
	GlobalSection(ProjectConfigurationPlatforms) = postSolution
		{5663A648-B5C8-4BAE-8F74-EF2CF822965A}.Debug|Any CPU.ActiveCfg = Debug|Any CPU
		{5663A648-B5C8-4BAE-8F74-EF2CF822965A}.Debug|Any CPU.Build.0 = Debug|Any CPU
		{5663A648-B5C8-4BAE-8F74-EF2CF822965A}.Release|Any CPU.ActiveCfg = Release|Any CPU
		{5663A648-B5C8-4BAE-8F74-EF2CF822965A}.Release|Any CPU.Build.0 = Release|Any CPU
		{F063CF79-3CFB-46ED-8F54-E6B6E4F7205C}.Debug|Any CPU.ActiveCfg = Debug|Any CPU
		{F063CF79-3CFB-46ED-8F54-E6B6E4F7205C}.Debug|Any CPU.Build.0 = Debug|Any CPU
		{F063CF79-3CFB-46ED-8F54-E6B6E4F7205C}.Release|Any CPU.ActiveCfg = Release|Any CPU
		{F063CF79-3CFB-46ED-8F54-E6B6E4F7205C}.Release|Any CPU.Build.0 = Release|Any CPU
	EndGlobalSection
	GlobalSection(SolutionProperties) = preSolution
		HideSolutionNode = FALSE
	EndGlobalSection
	GlobalSection(ExtensibilityGlobals) = postSolution
		SolutionGuid = {C7E4CFD0-0433-4C74-84B3-8D42488E00EA}
	EndGlobalSection
EndGlobal
