
Microsoft Visual Studio Solution File, Format Version 12.00
# Visual Studio Version 17
VisualStudioVersion = 17.2.32630.192
MinimumVisualStudioVersion = 10.0.40219.1
Project("{9A19103F-16F7-4668-BE54-9A1E7A4F7556}") = "R5T.F0136.Construction", "R5T.F0136.Construction\R5T.F0136.Construction.csproj", "{5663A648-B5C8-4BAE-8F74-EF2CF822965A}"
EndProject
Project("{9A19103F-16F7-4668-BE54-9A1E7A4F7556}") = "R5T.F0136", "R5T.F0136\R5T.F0136.csproj", "{F063CF79-3CFB-46ED-8F54-E6B6E4F7205C}"
EndProject
Project("{2150E333-8FDC-42A3-9474-1A3956D46DE8}") = "_Dependencies", "_Dependencies", "{191AB351-78BA-4166-B643-4DE40FC8E6A5}"
EndProject
Project("{9A19103F-16F7-4668-BE54-9A1E7A4F7556}") = "R5T.NG0020", "..\..\R5T.NG0020\source\R5T.NG0020\R5T.NG0020.csproj", "{C7B25B85-C0F1-4902-9EE8-BFDD72D9F99F}"
EndProject
Project("{9A19103F-16F7-4668-BE54-9A1E7A4F7556}") = "R5T.F0000", "..\..\R5T.F0000\source\R5T.F0000\R5T.F0000.csproj", "{3386CD6A-4323-4380-B73E-2C6441AD341A}"
EndProject
Project("{9A19103F-16F7-4668-BE54-9A1E7A4F7556}") = "R5T.F0002", "..\..\R5T.F0002\source\R5T.F0002\R5T.F0002.csproj", "{48218BE2-A52D-4E9E-988F-2C6F432DCB11}"
EndProject
Project("{9A19103F-16F7-4668-BE54-9A1E7A4F7556}") = "R5T.F0120", "..\..\R5T.F0120\source\R5T.F0120\R5T.F0120.csproj", "{3B72CBFE-C2AD-4FF7-8E6B-E6BD2A526C3F}"
EndProject
Project("{9A19103F-16F7-4668-BE54-9A1E7A4F7556}") = "R5T.F0124", "..\..\R5T.F0124\source\R5T.F0124\R5T.F0124.csproj", "{B54A6312-37E3-4BD8-8A71-7B00F4E3B50F}"
EndProject
Project("{9A19103F-16F7-4668-BE54-9A1E7A4F7556}") = "R5T.F0125", "..\..\R5T.F0125\source\R5T.F0125\R5T.F0125.csproj", "{8095B523-61E2-4A14-A649-28C61B7B60CE}"
EndProject
Project("{9A19103F-16F7-4668-BE54-9A1E7A4F7556}") = "R5T.L0030.T000", "..\..\R5T.L0030\source\R5T.L0030.T000\R5T.L0030.T000.csproj", "{2F743424-1EFF-4716-B0BC-3287EB53E74C}"
EndProject
Project("{9A19103F-16F7-4668-BE54-9A1E7A4F7556}") = "R5T.L0030", "..\..\R5T.L0030\source\R5T.L0030\R5T.L0030.csproj", "{599DE045-E51A-4944-B34F-222F29B7C905}"
EndProject
Project("{9A19103F-16F7-4668-BE54-9A1E7A4F7556}") = "R5T.L0034", "..\..\R5T.L0034\source\R5T.L0034\R5T.L0034.csproj", "{22FCC2C0-3DE3-47F0-ADD1-2BA188279D97}"
EndProject
Project("{9A19103F-16F7-4668-BE54-9A1E7A4F7556}") = "R5T.L0035", "..\..\R5T.L0035\source\R5T.L0035\R5T.L0035.csproj", "{BE8F6B29-FB2C-490D-BCF1-9F4DD08FD4E3}"
EndProject
Project("{9A19103F-16F7-4668-BE54-9A1E7A4F7556}") = "R5T.T0131", "..\..\R5T.T0131\source\R5T.T0131\R5T.T0131.csproj", "{DF81C110-6820-44F0-BD71-52F2AB2157A3}"
EndProject
Project("{9A19103F-16F7-4668-BE54-9A1E7A4F7556}") = "R5T.T0132", "..\..\R5T.T0132\source\R5T.T0132\R5T.T0132.csproj", "{4C694E80-B1A9-4A7A-8302-AE653EA24C1C}"
EndProject
Project("{9A19103F-16F7-4668-BE54-9A1E7A4F7556}") = "R5T.T0142", "..\..\R5T.T0142\source\R5T.T0142\R5T.T0142.csproj", "{7FD00EF1-9BAA-48C9-9334-2D59A5562FB1}"
EndProject
Project("{9A19103F-16F7-4668-BE54-9A1E7A4F7556}") = "R5T.T0143", "..\..\R5T.T0143\source\R5T.T0143\R5T.T0143.csproj", "{7C1CEC79-10FA-4035-9139-C19BD7952578}"
EndProject
Project("{9A19103F-16F7-4668-BE54-9A1E7A4F7556}") = "R5T.T0156", "..\..\R5T.T0156\source\R5T.T0156\R5T.T0156.csproj", "{8025707A-4849-427D-A4E5-9EF1862B99A4}"
EndProject
Project("{9A19103F-16F7-4668-BE54-9A1E7A4F7556}") = "R5T.T0174", "..\..\R5T.T0174\source\R5T.T0174\R5T.T0174.csproj", "{378821ED-D88E-43C4-9563-60419D669837}"
EndProject
Project("{9A19103F-16F7-4668-BE54-9A1E7A4F7556}") = "R5T.T0176", "..\..\R5T.T0176\source\R5T.T0176\R5T.T0176.csproj", "{53D3FB7A-CAFE-43BE-8C66-F7F762401158}"
EndProject
Project("{9A19103F-16F7-4668-BE54-9A1E7A4F7556}") = "R5T.T0177", "..\..\R5T.T0177\source\R5T.T0177\R5T.T0177.csproj", "{88812AB8-E0FE-4C67-8FEB-50D547211E6D}"
EndProject
Project("{9A19103F-16F7-4668-BE54-9A1E7A4F7556}") = "R5T.T0178", "..\..\R5T.T0178\source\R5T.T0178\R5T.T0178.csproj", "{DB82C77E-FAC2-4ECC-B2B9-58C9FF07838F}"
EndProject
Project("{9A19103F-16F7-4668-BE54-9A1E7A4F7556}") = "R5T.T0179", "..\..\R5T.T0179\source\R5T.T0179\R5T.T0179.csproj", "{9DE5CD64-5F2D-4E7C-B9D4-20F5AF30835D}"
EndProject
Project("{9A19103F-16F7-4668-BE54-9A1E7A4F7556}") = "R5T.T0180", "..\..\R5T.T0180\source\R5T.T0180\R5T.T0180.csproj", "{70BD5C0A-5D38-4C75-B4E2-B4777477ED97}"
EndProject
Project("{9A19103F-16F7-4668-BE54-9A1E7A4F7556}") = "R5T.T0181", "..\..\R5T.T0181\source\R5T.T0181\R5T.T0181.csproj", "{18EB2FD6-4AA9-46F8-B285-4BFE8AFF04C8}"
EndProject
Project("{9A19103F-16F7-4668-BE54-9A1E7A4F7556}") = "R5T.T0185", "..\..\R5T.T0185\source\R5T.T0185\R5T.T0185.csproj", "{4346BE28-9985-4BAF-A528-DA29DE195F8D}"
EndProject
Project("{9A19103F-16F7-4668-BE54-9A1E7A4F7556}") = "R5T.T0203", "..\..\R5T.T0203\source\R5T.T0203\R5T.T0203.csproj", "{9CF6E826-6F8E-45A6-A20D-88135238E028}"
EndProject
Project("{9A19103F-16F7-4668-BE54-9A1E7A4F7556}") = "R5T.Y0000", "..\..\R5T.Y0000\source\R5T.Y0000\R5T.Y0000.csproj", "{7A02A2D2-9654-49FD-B73F-7CD1171ACE68}"
EndProject
Project("{9A19103F-16F7-4668-BE54-9A1E7A4F7556}") = "R5T.Z0000", "..\..\R5T.Z0000\source\R5T.Z0000\R5T.Z0000.csproj", "{3497DD80-4C34-4A57-BFA8-A834216A3F4F}"
EndProject
Project("{9A19103F-16F7-4668-BE54-9A1E7A4F7556}") = "R5T.F0135", "..\..\R5T.F0135\source\R5T.F0135\R5T.F0135.csproj", "{E60ED2EC-C401-4DA3-8C86-9BA3FA8FA034}"
EndProject
Project("{9A19103F-16F7-4668-BE54-9A1E7A4F7556}") = "R5T.NG0021", "..\..\R5T.NG0021\source\R5T.NG0021\R5T.NG0021.csproj", "{7688BA99-8223-46C9-BF0C-2F42421FE922}"
EndProject
Global
	GlobalSection(NestedProjects) = preSolution
		{C7B25B85-C0F1-4902-9EE8-BFDD72D9F99F} = {191AB351-78BA-4166-B643-4DE40FC8E6A5}
		{3386CD6A-4323-4380-B73E-2C6441AD341A} = {191AB351-78BA-4166-B643-4DE40FC8E6A5}
		{48218BE2-A52D-4E9E-988F-2C6F432DCB11} = {191AB351-78BA-4166-B643-4DE40FC8E6A5}
		{3B72CBFE-C2AD-4FF7-8E6B-E6BD2A526C3F} = {191AB351-78BA-4166-B643-4DE40FC8E6A5}
		{B54A6312-37E3-4BD8-8A71-7B00F4E3B50F} = {191AB351-78BA-4166-B643-4DE40FC8E6A5}
		{8095B523-61E2-4A14-A649-28C61B7B60CE} = {191AB351-78BA-4166-B643-4DE40FC8E6A5}
		{2F743424-1EFF-4716-B0BC-3287EB53E74C} = {191AB351-78BA-4166-B643-4DE40FC8E6A5}
		{599DE045-E51A-4944-B34F-222F29B7C905} = {191AB351-78BA-4166-B643-4DE40FC8E6A5}
		{22FCC2C0-3DE3-47F0-ADD1-2BA188279D97} = {191AB351-78BA-4166-B643-4DE40FC8E6A5}
		{BE8F6B29-FB2C-490D-BCF1-9F4DD08FD4E3} = {191AB351-78BA-4166-B643-4DE40FC8E6A5}
		{DF81C110-6820-44F0-BD71-52F2AB2157A3} = {191AB351-78BA-4166-B643-4DE40FC8E6A5}
		{4C694E80-B1A9-4A7A-8302-AE653EA24C1C} = {191AB351-78BA-4166-B643-4DE40FC8E6A5}
		{7FD00EF1-9BAA-48C9-9334-2D59A5562FB1} = {191AB351-78BA-4166-B643-4DE40FC8E6A5}
		{7C1CEC79-10FA-4035-9139-C19BD7952578} = {191AB351-78BA-4166-B643-4DE40FC8E6A5}
		{8025707A-4849-427D-A4E5-9EF1862B99A4} = {191AB351-78BA-4166-B643-4DE40FC8E6A5}
		{378821ED-D88E-43C4-9563-60419D669837} = {191AB351-78BA-4166-B643-4DE40FC8E6A5}
		{53D3FB7A-CAFE-43BE-8C66-F7F762401158} = {191AB351-78BA-4166-B643-4DE40FC8E6A5}
		{88812AB8-E0FE-4C67-8FEB-50D547211E6D} = {191AB351-78BA-4166-B643-4DE40FC8E6A5}
		{DB82C77E-FAC2-4ECC-B2B9-58C9FF07838F} = {191AB351-78BA-4166-B643-4DE40FC8E6A5}
		{9DE5CD64-5F2D-4E7C-B9D4-20F5AF30835D} = {191AB351-78BA-4166-B643-4DE40FC8E6A5}
		{70BD5C0A-5D38-4C75-B4E2-B4777477ED97} = {191AB351-78BA-4166-B643-4DE40FC8E6A5}
		{18EB2FD6-4AA9-46F8-B285-4BFE8AFF04C8} = {191AB351-78BA-4166-B643-4DE40FC8E6A5}
		{4346BE28-9985-4BAF-A528-DA29DE195F8D} = {191AB351-78BA-4166-B643-4DE40FC8E6A5}
		{9CF6E826-6F8E-45A6-A20D-88135238E028} = {191AB351-78BA-4166-B643-4DE40FC8E6A5}
		{7A02A2D2-9654-49FD-B73F-7CD1171ACE68} = {191AB351-78BA-4166-B643-4DE40FC8E6A5}
		{3497DD80-4C34-4A57-BFA8-A834216A3F4F} = {191AB351-78BA-4166-B643-4DE40FC8E6A5}
		{E60ED2EC-C401-4DA3-8C86-9BA3FA8FA034} = {191AB351-78BA-4166-B643-4DE40FC8E6A5}
		{7688BA99-8223-46C9-BF0C-2F42421FE922} = {191AB351-78BA-4166-B643-4DE40FC8E6A5}
	EndGlobalSection
	GlobalSection(SolutionConfigurationPlatforms) = preSolution
		Debug|Any CPU = Debug|Any CPU
		Release|Any CPU = Release|Any CPU
	EndGlobalSection
	GlobalSection(ProjectConfigurationPlatforms) = postSolution
		{5663A648-B5C8-4BAE-8F74-EF2CF822965A}.Debug|Any CPU.ActiveCfg = Debug|Any CPU
		{5663A648-B5C8-4BAE-8F74-EF2CF822965A}.Debug|Any CPU.Build.0 = Debug|Any CPU
		{5663A648-B5C8-4BAE-8F74-EF2CF822965A}.Release|Any CPU.ActiveCfg = Release|Any CPU
		{5663A648-B5C8-4BAE-8F74-EF2CF822965A}.Release|Any CPU.Build.0 = Release|Any CPU
		{F063CF79-3CFB-46ED-8F54-E6B6E4F7205C}.Debug|Any CPU.ActiveCfg = Debug|Any CPU
		{F063CF79-3CFB-46ED-8F54-E6B6E4F7205C}.Debug|Any CPU.Build.0 = Debug|Any CPU
		{F063CF79-3CFB-46ED-8F54-E6B6E4F7205C}.Release|Any CPU.ActiveCfg = Release|Any CPU
		{F063CF79-3CFB-46ED-8F54-E6B6E4F7205C}.Release|Any CPU.Build.0 = Release|Any CPU
		{C7B25B85-C0F1-4902-9EE8-BFDD72D9F99F}.Debug|Any CPU.ActiveCfg = Debug|Any CPU
		{C7B25B85-C0F1-4902-9EE8-BFDD72D9F99F}.Debug|Any CPU.Build.0 = Debug|Any CPU
		{C7B25B85-C0F1-4902-9EE8-BFDD72D9F99F}.Release|Any CPU.ActiveCfg = Release|Any CPU
		{C7B25B85-C0F1-4902-9EE8-BFDD72D9F99F}.Release|Any CPU.Build.0 = Release|Any CPU
		{3386CD6A-4323-4380-B73E-2C6441AD341A}.Debug|Any CPU.ActiveCfg = Debug|Any CPU
		{3386CD6A-4323-4380-B73E-2C6441AD341A}.Debug|Any CPU.Build.0 = Debug|Any CPU
		{3386CD6A-4323-4380-B73E-2C6441AD341A}.Release|Any CPU.ActiveCfg = Release|Any CPU
		{3386CD6A-4323-4380-B73E-2C6441AD341A}.Release|Any CPU.Build.0 = Release|Any CPU
		{48218BE2-A52D-4E9E-988F-2C6F432DCB11}.Debug|Any CPU.ActiveCfg = Debug|Any CPU
		{48218BE2-A52D-4E9E-988F-2C6F432DCB11}.Debug|Any CPU.Build.0 = Debug|Any CPU
		{48218BE2-A52D-4E9E-988F-2C6F432DCB11}.Release|Any CPU.ActiveCfg = Release|Any CPU
		{48218BE2-A52D-4E9E-988F-2C6F432DCB11}.Release|Any CPU.Build.0 = Release|Any CPU
		{3B72CBFE-C2AD-4FF7-8E6B-E6BD2A526C3F}.Debug|Any CPU.ActiveCfg = Debug|Any CPU
		{3B72CBFE-C2AD-4FF7-8E6B-E6BD2A526C3F}.Debug|Any CPU.Build.0 = Debug|Any CPU
		{3B72CBFE-C2AD-4FF7-8E6B-E6BD2A526C3F}.Release|Any CPU.ActiveCfg = Release|Any CPU
		{3B72CBFE-C2AD-4FF7-8E6B-E6BD2A526C3F}.Release|Any CPU.Build.0 = Release|Any CPU
		{B54A6312-37E3-4BD8-8A71-7B00F4E3B50F}.Debug|Any CPU.ActiveCfg = Debug|Any CPU
		{B54A6312-37E3-4BD8-8A71-7B00F4E3B50F}.Debug|Any CPU.Build.0 = Debug|Any CPU
		{B54A6312-37E3-4BD8-8A71-7B00F4E3B50F}.Release|Any CPU.ActiveCfg = Release|Any CPU
		{B54A6312-37E3-4BD8-8A71-7B00F4E3B50F}.Release|Any CPU.Build.0 = Release|Any CPU
		{8095B523-61E2-4A14-A649-28C61B7B60CE}.Debug|Any CPU.ActiveCfg = Debug|Any CPU
		{8095B523-61E2-4A14-A649-28C61B7B60CE}.Debug|Any CPU.Build.0 = Debug|Any CPU
		{8095B523-61E2-4A14-A649-28C61B7B60CE}.Release|Any CPU.ActiveCfg = Release|Any CPU
		{8095B523-61E2-4A14-A649-28C61B7B60CE}.Release|Any CPU.Build.0 = Release|Any CPU
		{2F743424-1EFF-4716-B0BC-3287EB53E74C}.Debug|Any CPU.ActiveCfg = Debug|Any CPU
		{2F743424-1EFF-4716-B0BC-3287EB53E74C}.Debug|Any CPU.Build.0 = Debug|Any CPU
		{2F743424-1EFF-4716-B0BC-3287EB53E74C}.Release|Any CPU.ActiveCfg = Release|Any CPU
		{2F743424-1EFF-4716-B0BC-3287EB53E74C}.Release|Any CPU.Build.0 = Release|Any CPU
		{599DE045-E51A-4944-B34F-222F29B7C905}.Debug|Any CPU.ActiveCfg = Debug|Any CPU
		{599DE045-E51A-4944-B34F-222F29B7C905}.Debug|Any CPU.Build.0 = Debug|Any CPU
		{599DE045-E51A-4944-B34F-222F29B7C905}.Release|Any CPU.ActiveCfg = Release|Any CPU
		{599DE045-E51A-4944-B34F-222F29B7C905}.Release|Any CPU.Build.0 = Release|Any CPU
		{22FCC2C0-3DE3-47F0-ADD1-2BA188279D97}.Debug|Any CPU.ActiveCfg = Debug|Any CPU
		{22FCC2C0-3DE3-47F0-ADD1-2BA188279D97}.Debug|Any CPU.Build.0 = Debug|Any CPU
		{22FCC2C0-3DE3-47F0-ADD1-2BA188279D97}.Release|Any CPU.ActiveCfg = Release|Any CPU
		{22FCC2C0-3DE3-47F0-ADD1-2BA188279D97}.Release|Any CPU.Build.0 = Release|Any CPU
		{BE8F6B29-FB2C-490D-BCF1-9F4DD08FD4E3}.Debug|Any CPU.ActiveCfg = Debug|Any CPU
		{BE8F6B29-FB2C-490D-BCF1-9F4DD08FD4E3}.Debug|Any CPU.Build.0 = Debug|Any CPU
		{BE8F6B29-FB2C-490D-BCF1-9F4DD08FD4E3}.Release|Any CPU.ActiveCfg = Release|Any CPU
		{BE8F6B29-FB2C-490D-BCF1-9F4DD08FD4E3}.Release|Any CPU.Build.0 = Release|Any CPU
		{DF81C110-6820-44F0-BD71-52F2AB2157A3}.Debug|Any CPU.ActiveCfg = Debug|Any CPU
		{DF81C110-6820-44F0-BD71-52F2AB2157A3}.Debug|Any CPU.Build.0 = Debug|Any CPU
		{DF81C110-6820-44F0-BD71-52F2AB2157A3}.Release|Any CPU.ActiveCfg = Release|Any CPU
		{DF81C110-6820-44F0-BD71-52F2AB2157A3}.Release|Any CPU.Build.0 = Release|Any CPU
		{4C694E80-B1A9-4A7A-8302-AE653EA24C1C}.Debug|Any CPU.ActiveCfg = Debug|Any CPU
		{4C694E80-B1A9-4A7A-8302-AE653EA24C1C}.Debug|Any CPU.Build.0 = Debug|Any CPU
		{4C694E80-B1A9-4A7A-8302-AE653EA24C1C}.Release|Any CPU.ActiveCfg = Release|Any CPU
		{4C694E80-B1A9-4A7A-8302-AE653EA24C1C}.Release|Any CPU.Build.0 = Release|Any CPU
		{7FD00EF1-9BAA-48C9-9334-2D59A5562FB1}.Debug|Any CPU.ActiveCfg = Debug|Any CPU
		{7FD00EF1-9BAA-48C9-9334-2D59A5562FB1}.Debug|Any CPU.Build.0 = Debug|Any CPU
		{7FD00EF1-9BAA-48C9-9334-2D59A5562FB1}.Release|Any CPU.ActiveCfg = Release|Any CPU
		{7FD00EF1-9BAA-48C9-9334-2D59A5562FB1}.Release|Any CPU.Build.0 = Release|Any CPU
		{7C1CEC79-10FA-4035-9139-C19BD7952578}.Debug|Any CPU.ActiveCfg = Debug|Any CPU
		{7C1CEC79-10FA-4035-9139-C19BD7952578}.Debug|Any CPU.Build.0 = Debug|Any CPU
		{7C1CEC79-10FA-4035-9139-C19BD7952578}.Release|Any CPU.ActiveCfg = Release|Any CPU
		{7C1CEC79-10FA-4035-9139-C19BD7952578}.Release|Any CPU.Build.0 = Release|Any CPU
		{8025707A-4849-427D-A4E5-9EF1862B99A4}.Debug|Any CPU.ActiveCfg = Debug|Any CPU
		{8025707A-4849-427D-A4E5-9EF1862B99A4}.Debug|Any CPU.Build.0 = Debug|Any CPU
		{8025707A-4849-427D-A4E5-9EF1862B99A4}.Release|Any CPU.ActiveCfg = Release|Any CPU
		{8025707A-4849-427D-A4E5-9EF1862B99A4}.Release|Any CPU.Build.0 = Release|Any CPU
		{378821ED-D88E-43C4-9563-60419D669837}.Debug|Any CPU.ActiveCfg = Debug|Any CPU
		{378821ED-D88E-43C4-9563-60419D669837}.Debug|Any CPU.Build.0 = Debug|Any CPU
		{378821ED-D88E-43C4-9563-60419D669837}.Release|Any CPU.ActiveCfg = Release|Any CPU
		{378821ED-D88E-43C4-9563-60419D669837}.Release|Any CPU.Build.0 = Release|Any CPU
		{53D3FB7A-CAFE-43BE-8C66-F7F762401158}.Debug|Any CPU.ActiveCfg = Debug|Any CPU
		{53D3FB7A-CAFE-43BE-8C66-F7F762401158}.Debug|Any CPU.Build.0 = Debug|Any CPU
		{53D3FB7A-CAFE-43BE-8C66-F7F762401158}.Release|Any CPU.ActiveCfg = Release|Any CPU
		{53D3FB7A-CAFE-43BE-8C66-F7F762401158}.Release|Any CPU.Build.0 = Release|Any CPU
		{88812AB8-E0FE-4C67-8FEB-50D547211E6D}.Debug|Any CPU.ActiveCfg = Debug|Any CPU
		{88812AB8-E0FE-4C67-8FEB-50D547211E6D}.Debug|Any CPU.Build.0 = Debug|Any CPU
		{88812AB8-E0FE-4C67-8FEB-50D547211E6D}.Release|Any CPU.ActiveCfg = Release|Any CPU
		{88812AB8-E0FE-4C67-8FEB-50D547211E6D}.Release|Any CPU.Build.0 = Release|Any CPU
		{DB82C77E-FAC2-4ECC-B2B9-58C9FF07838F}.Debug|Any CPU.ActiveCfg = Debug|Any CPU
		{DB82C77E-FAC2-4ECC-B2B9-58C9FF07838F}.Debug|Any CPU.Build.0 = Debug|Any CPU
		{DB82C77E-FAC2-4ECC-B2B9-58C9FF07838F}.Release|Any CPU.ActiveCfg = Release|Any CPU
		{DB82C77E-FAC2-4ECC-B2B9-58C9FF07838F}.Release|Any CPU.Build.0 = Release|Any CPU
		{9DE5CD64-5F2D-4E7C-B9D4-20F5AF30835D}.Debug|Any CPU.ActiveCfg = Debug|Any CPU
		{9DE5CD64-5F2D-4E7C-B9D4-20F5AF30835D}.Debug|Any CPU.Build.0 = Debug|Any CPU
		{9DE5CD64-5F2D-4E7C-B9D4-20F5AF30835D}.Release|Any CPU.ActiveCfg = Release|Any CPU
		{9DE5CD64-5F2D-4E7C-B9D4-20F5AF30835D}.Release|Any CPU.Build.0 = Release|Any CPU
		{70BD5C0A-5D38-4C75-B4E2-B4777477ED97}.Debug|Any CPU.ActiveCfg = Debug|Any CPU
		{70BD5C0A-5D38-4C75-B4E2-B4777477ED97}.Debug|Any CPU.Build.0 = Debug|Any CPU
		{70BD5C0A-5D38-4C75-B4E2-B4777477ED97}.Release|Any CPU.ActiveCfg = Release|Any CPU
		{70BD5C0A-5D38-4C75-B4E2-B4777477ED97}.Release|Any CPU.Build.0 = Release|Any CPU
		{18EB2FD6-4AA9-46F8-B285-4BFE8AFF04C8}.Debug|Any CPU.ActiveCfg = Debug|Any CPU
		{18EB2FD6-4AA9-46F8-B285-4BFE8AFF04C8}.Debug|Any CPU.Build.0 = Debug|Any CPU
		{18EB2FD6-4AA9-46F8-B285-4BFE8AFF04C8}.Release|Any CPU.ActiveCfg = Release|Any CPU
		{18EB2FD6-4AA9-46F8-B285-4BFE8AFF04C8}.Release|Any CPU.Build.0 = Release|Any CPU
		{4346BE28-9985-4BAF-A528-DA29DE195F8D}.Debug|Any CPU.ActiveCfg = Debug|Any CPU
		{4346BE28-9985-4BAF-A528-DA29DE195F8D}.Debug|Any CPU.Build.0 = Debug|Any CPU
		{4346BE28-9985-4BAF-A528-DA29DE195F8D}.Release|Any CPU.ActiveCfg = Release|Any CPU
		{4346BE28-9985-4BAF-A528-DA29DE195F8D}.Release|Any CPU.Build.0 = Release|Any CPU
		{9CF6E826-6F8E-45A6-A20D-88135238E028}.Debug|Any CPU.ActiveCfg = Debug|Any CPU
		{9CF6E826-6F8E-45A6-A20D-88135238E028}.Debug|Any CPU.Build.0 = Debug|Any CPU
		{9CF6E826-6F8E-45A6-A20D-88135238E028}.Release|Any CPU.ActiveCfg = Release|Any CPU
		{9CF6E826-6F8E-45A6-A20D-88135238E028}.Release|Any CPU.Build.0 = Release|Any CPU
		{7A02A2D2-9654-49FD-B73F-7CD1171ACE68}.Debug|Any CPU.ActiveCfg = Debug|Any CPU
		{7A02A2D2-9654-49FD-B73F-7CD1171ACE68}.Debug|Any CPU.Build.0 = Debug|Any CPU
		{7A02A2D2-9654-49FD-B73F-7CD1171ACE68}.Release|Any CPU.ActiveCfg = Release|Any CPU
		{7A02A2D2-9654-49FD-B73F-7CD1171ACE68}.Release|Any CPU.Build.0 = Release|Any CPU
		{3497DD80-4C34-4A57-BFA8-A834216A3F4F}.Debug|Any CPU.ActiveCfg = Debug|Any CPU
		{3497DD80-4C34-4A57-BFA8-A834216A3F4F}.Debug|Any CPU.Build.0 = Debug|Any CPU
		{3497DD80-4C34-4A57-BFA8-A834216A3F4F}.Release|Any CPU.ActiveCfg = Release|Any CPU
		{3497DD80-4C34-4A57-BFA8-A834216A3F4F}.Release|Any CPU.Build.0 = Release|Any CPU
		{E60ED2EC-C401-4DA3-8C86-9BA3FA8FA034}.Debug|Any CPU.ActiveCfg = Debug|Any CPU
		{E60ED2EC-C401-4DA3-8C86-9BA3FA8FA034}.Debug|Any CPU.Build.0 = Debug|Any CPU
		{E60ED2EC-C401-4DA3-8C86-9BA3FA8FA034}.Release|Any CPU.ActiveCfg = Release|Any CPU
		{E60ED2EC-C401-4DA3-8C86-9BA3FA8FA034}.Release|Any CPU.Build.0 = Release|Any CPU
		{7688BA99-8223-46C9-BF0C-2F42421FE922}.Debug|Any CPU.ActiveCfg = Debug|Any CPU
		{7688BA99-8223-46C9-BF0C-2F42421FE922}.Debug|Any CPU.Build.0 = Debug|Any CPU
		{7688BA99-8223-46C9-BF0C-2F42421FE922}.Release|Any CPU.ActiveCfg = Release|Any CPU
		{7688BA99-8223-46C9-BF0C-2F42421FE922}.Release|Any CPU.Build.0 = Release|Any CPU
	EndGlobalSection
	GlobalSection(SolutionProperties) = preSolution
		HideSolutionNode = FALSE
	EndGlobalSection
	GlobalSection(ExtensibilityGlobals) = postSolution
		SolutionGuid = {C7E4CFD0-0433-4C74-84B3-8D42488E00EA}
	EndGlobalSection
EndGlobal
