
Microsoft Visual Studio Solution File, Format Version 12.00
# Visual Studio Version 17
VisualStudioVersion = 17.2.32630.192
MinimumVisualStudioVersion = 10.0.40219.1
Project("{9A19103F-16F7-4668-BE54-9A1E7A4F7556}") = "R5T.F0136", "R5T.F0136\R5T.F0136.csproj", "{31F9B1D8-4C36-4FAA-B7F7-2936D4100EF2}"
EndProject
Project("{2150E333-8FDC-42A3-9474-1A3956D46DE8}") = "_Dependencies", "_Dependencies", "{BE666A93-7A1E-48B8-A6BC-A1891F81A032}"
EndProject
Project("{9A19103F-16F7-4668-BE54-9A1E7A4F7556}") = "R5T.NG0020", "..\..\R5T.NG0020\source\R5T.NG0020\R5T.NG0020.csproj", "{1ED74F11-BF22-450C-824D-DF8E5A4CBB8F}"
EndProject
Project("{9A19103F-16F7-4668-BE54-9A1E7A4F7556}") = "R5T.F0000", "..\..\R5T.F0000\source\R5T.F0000\R5T.F0000.csproj", "{CF8A92E9-E975-4526-B940-2549A3199104}"
EndProject
Project("{9A19103F-16F7-4668-BE54-9A1E7A4F7556}") = "R5T.F0002", "..\..\R5T.F0002\source\R5T.F0002\R5T.F0002.csproj", "{51CCE61D-81F0-47A6-BB34-CF5D62B5E9BC}"
EndProject
Project("{9A19103F-16F7-4668-BE54-9A1E7A4F7556}") = "R5T.F0120", "..\..\R5T.F0120\source\R5T.F0120\R5T.F0120.csproj", "{930CCC1C-13A8-475D-AC2B-3E157CC64880}"
EndProject
Project("{9A19103F-16F7-4668-BE54-9A1E7A4F7556}") = "R5T.F0124", "..\..\R5T.F0124\source\R5T.F0124\R5T.F0124.csproj", "{74AB1AA4-6357-4EE3-98B6-82FFC9AA32B5}"
EndProject
Project("{9A19103F-16F7-4668-BE54-9A1E7A4F7556}") = "R5T.F0125", "..\..\R5T.F0125\source\R5T.F0125\R5T.F0125.csproj", "{B53E38FD-833D-4222-9A8C-826FEC74681F}"
EndProject
Project("{9A19103F-16F7-4668-BE54-9A1E7A4F7556}") = "R5T.L0030.T000", "..\..\R5T.L0030\source\R5T.L0030.T000\R5T.L0030.T000.csproj", "{08D27135-0443-423B-A608-7DAF45E18116}"
EndProject
Project("{9A19103F-16F7-4668-BE54-9A1E7A4F7556}") = "R5T.L0030", "..\..\R5T.L0030\source\R5T.L0030\R5T.L0030.csproj", "{B3C34E06-EC12-451C-A5D8-2FFCDC96803C}"
EndProject
Project("{9A19103F-16F7-4668-BE54-9A1E7A4F7556}") = "R5T.L0034", "..\..\R5T.L0034\source\R5T.L0034\R5T.L0034.csproj", "{AE939916-94E1-4652-9768-4D3A43EA0A0C}"
EndProject
Project("{9A19103F-16F7-4668-BE54-9A1E7A4F7556}") = "R5T.L0035", "..\..\R5T.L0035\source\R5T.L0035\R5T.L0035.csproj", "{719ADC90-E888-4198-B7A8-ED01A0803201}"
EndProject
Project("{9A19103F-16F7-4668-BE54-9A1E7A4F7556}") = "R5T.T0131", "..\..\R5T.T0131\source\R5T.T0131\R5T.T0131.csproj", "{AE9B7A3D-E85D-4F64-BC8B-959083C896A3}"
EndProject
Project("{9A19103F-16F7-4668-BE54-9A1E7A4F7556}") = "R5T.T0132", "..\..\R5T.T0132\source\R5T.T0132\R5T.T0132.csproj", "{64567FDF-0D95-4D94-94BB-EFB4E25F94B9}"
EndProject
Project("{9A19103F-16F7-4668-BE54-9A1E7A4F7556}") = "R5T.T0142", "..\..\R5T.T0142\source\R5T.T0142\R5T.T0142.csproj", "{B1A1E8EE-7540-4BA3-9CB5-1CE98F5583AA}"
EndProject
Project("{9A19103F-16F7-4668-BE54-9A1E7A4F7556}") = "R5T.T0143", "..\..\R5T.T0143\source\R5T.T0143\R5T.T0143.csproj", "{D397F1FF-2559-4BB4-8E96-1684458C1AF7}"
EndProject
Project("{9A19103F-16F7-4668-BE54-9A1E7A4F7556}") = "R5T.T0156", "..\..\R5T.T0156\source\R5T.T0156\R5T.T0156.csproj", "{198122C9-7258-4502-9377-2186C223BF31}"
EndProject
Project("{9A19103F-16F7-4668-BE54-9A1E7A4F7556}") = "R5T.T0174", "..\..\R5T.T0174\source\R5T.T0174\R5T.T0174.csproj", "{A49335F7-257C-4750-A8D8-814139F9B946}"
EndProject
Project("{9A19103F-16F7-4668-BE54-9A1E7A4F7556}") = "R5T.T0176", "..\..\R5T.T0176\source\R5T.T0176\R5T.T0176.csproj", "{085451CC-6DC8-423E-9ED5-4918A80A0EE6}"
EndProject
Project("{9A19103F-16F7-4668-BE54-9A1E7A4F7556}") = "R5T.T0177", "..\..\R5T.T0177\source\R5T.T0177\R5T.T0177.csproj", "{CD43B7AA-06AF-4B95-8189-44A2FDAABB11}"
EndProject
Project("{9A19103F-16F7-4668-BE54-9A1E7A4F7556}") = "R5T.T0178", "..\..\R5T.T0178\source\R5T.T0178\R5T.T0178.csproj", "{FFA6C5A5-12F8-455E-92A6-5EFB07E23BFD}"
EndProject
Project("{9A19103F-16F7-4668-BE54-9A1E7A4F7556}") = "R5T.T0179", "..\..\R5T.T0179\source\R5T.T0179\R5T.T0179.csproj", "{CE13D2CE-55B7-4BB9-AC51-229876B57AD2}"
EndProject
Project("{9A19103F-16F7-4668-BE54-9A1E7A4F7556}") = "R5T.T0180", "..\..\R5T.T0180\source\R5T.T0180\R5T.T0180.csproj", "{CA9A2306-FCD1-44E9-8DE3-58425E26CC8D}"
EndProject
Project("{9A19103F-16F7-4668-BE54-9A1E7A4F7556}") = "R5T.T0181", "..\..\R5T.T0181\source\R5T.T0181\R5T.T0181.csproj", "{F269BD34-6650-4C4A-B551-47E36A07AC83}"
EndProject
Project("{9A19103F-16F7-4668-BE54-9A1E7A4F7556}") = "R5T.T0185", "..\..\R5T.T0185\source\R5T.T0185\R5T.T0185.csproj", "{6F2618FB-0689-41CD-91DA-0703E1E6CAFD}"
EndProject
Project("{9A19103F-16F7-4668-BE54-9A1E7A4F7556}") = "R5T.T0203", "..\..\R5T.T0203\source\R5T.T0203\R5T.T0203.csproj", "{5C3755C2-5FE4-4481-AAE3-FB3AD238F09C}"
EndProject
Project("{9A19103F-16F7-4668-BE54-9A1E7A4F7556}") = "R5T.Y0000", "..\..\R5T.Y0000\source\R5T.Y0000\R5T.Y0000.csproj", "{066B4738-6047-43F4-9AC9-AA34AA8BA331}"
EndProject
Project("{9A19103F-16F7-4668-BE54-9A1E7A4F7556}") = "R5T.Z0000", "..\..\R5T.Z0000\source\R5T.Z0000\R5T.Z0000.csproj", "{90B4207D-8EF8-4011-A97F-FFB6AB8950AB}"
EndProject
Project("{9A19103F-16F7-4668-BE54-9A1E7A4F7556}") = "R5T.F0135", "..\..\R5T.F0135\source\R5T.F0135\R5T.F0135.csproj", "{E52C83E5-2415-4248-B8B4-712595330C34}"
EndProject
Project("{9A19103F-16F7-4668-BE54-9A1E7A4F7556}") = "R5T.NG0021", "..\..\R5T.NG0021\source\R5T.NG0021\R5T.NG0021.csproj", "{8C15D86D-DC8E-4F62-A623-92F55A81DA2F}"
EndProject
Global
	GlobalSection(NestedProjects) = preSolution
		{1ED74F11-BF22-450C-824D-DF8E5A4CBB8F} = {BE666A93-7A1E-48B8-A6BC-A1891F81A032}
		{CF8A92E9-E975-4526-B940-2549A3199104} = {BE666A93-7A1E-48B8-A6BC-A1891F81A032}
		{51CCE61D-81F0-47A6-BB34-CF5D62B5E9BC} = {BE666A93-7A1E-48B8-A6BC-A1891F81A032}
		{930CCC1C-13A8-475D-AC2B-3E157CC64880} = {BE666A93-7A1E-48B8-A6BC-A1891F81A032}
		{74AB1AA4-6357-4EE3-98B6-82FFC9AA32B5} = {BE666A93-7A1E-48B8-A6BC-A1891F81A032}
		{B53E38FD-833D-4222-9A8C-826FEC74681F} = {BE666A93-7A1E-48B8-A6BC-A1891F81A032}
		{08D27135-0443-423B-A608-7DAF45E18116} = {BE666A93-7A1E-48B8-A6BC-A1891F81A032}
		{B3C34E06-EC12-451C-A5D8-2FFCDC96803C} = {BE666A93-7A1E-48B8-A6BC-A1891F81A032}
		{AE939916-94E1-4652-9768-4D3A43EA0A0C} = {BE666A93-7A1E-48B8-A6BC-A1891F81A032}
		{719ADC90-E888-4198-B7A8-ED01A0803201} = {BE666A93-7A1E-48B8-A6BC-A1891F81A032}
		{AE9B7A3D-E85D-4F64-BC8B-959083C896A3} = {BE666A93-7A1E-48B8-A6BC-A1891F81A032}
		{64567FDF-0D95-4D94-94BB-EFB4E25F94B9} = {BE666A93-7A1E-48B8-A6BC-A1891F81A032}
		{B1A1E8EE-7540-4BA3-9CB5-1CE98F5583AA} = {BE666A93-7A1E-48B8-A6BC-A1891F81A032}
		{D397F1FF-2559-4BB4-8E96-1684458C1AF7} = {BE666A93-7A1E-48B8-A6BC-A1891F81A032}
		{198122C9-7258-4502-9377-2186C223BF31} = {BE666A93-7A1E-48B8-A6BC-A1891F81A032}
		{A49335F7-257C-4750-A8D8-814139F9B946} = {BE666A93-7A1E-48B8-A6BC-A1891F81A032}
		{085451CC-6DC8-423E-9ED5-4918A80A0EE6} = {BE666A93-7A1E-48B8-A6BC-A1891F81A032}
		{CD43B7AA-06AF-4B95-8189-44A2FDAABB11} = {BE666A93-7A1E-48B8-A6BC-A1891F81A032}
		{FFA6C5A5-12F8-455E-92A6-5EFB07E23BFD} = {BE666A93-7A1E-48B8-A6BC-A1891F81A032}
		{CE13D2CE-55B7-4BB9-AC51-229876B57AD2} = {BE666A93-7A1E-48B8-A6BC-A1891F81A032}
		{CA9A2306-FCD1-44E9-8DE3-58425E26CC8D} = {BE666A93-7A1E-48B8-A6BC-A1891F81A032}
		{F269BD34-6650-4C4A-B551-47E36A07AC83} = {BE666A93-7A1E-48B8-A6BC-A1891F81A032}
		{6F2618FB-0689-41CD-91DA-0703E1E6CAFD} = {BE666A93-7A1E-48B8-A6BC-A1891F81A032}
		{5C3755C2-5FE4-4481-AAE3-FB3AD238F09C} = {BE666A93-7A1E-48B8-A6BC-A1891F81A032}
		{066B4738-6047-43F4-9AC9-AA34AA8BA331} = {BE666A93-7A1E-48B8-A6BC-A1891F81A032}
		{90B4207D-8EF8-4011-A97F-FFB6AB8950AB} = {BE666A93-7A1E-48B8-A6BC-A1891F81A032}
		{E52C83E5-2415-4248-B8B4-712595330C34} = {BE666A93-7A1E-48B8-A6BC-A1891F81A032}
		{8C15D86D-DC8E-4F62-A623-92F55A81DA2F} = {BE666A93-7A1E-48B8-A6BC-A1891F81A032}
	EndGlobalSection
	GlobalSection(SolutionConfigurationPlatforms) = preSolution
		Debug|Any CPU = Debug|Any CPU
		Release|Any CPU = Release|Any CPU
	EndGlobalSection
	GlobalSection(ProjectConfigurationPlatforms) = postSolution
		{31F9B1D8-4C36-4FAA-B7F7-2936D4100EF2}.Debug|Any CPU.ActiveCfg = Debug|Any CPU
		{31F9B1D8-4C36-4FAA-B7F7-2936D4100EF2}.Debug|Any CPU.Build.0 = Debug|Any CPU
		{31F9B1D8-4C36-4FAA-B7F7-2936D4100EF2}.Release|Any CPU.ActiveCfg = Release|Any CPU
		{31F9B1D8-4C36-4FAA-B7F7-2936D4100EF2}.Release|Any CPU.Build.0 = Release|Any CPU
		{1ED74F11-BF22-450C-824D-DF8E5A4CBB8F}.Debug|Any CPU.ActiveCfg = Debug|Any CPU
		{1ED74F11-BF22-450C-824D-DF8E5A4CBB8F}.Debug|Any CPU.Build.0 = Debug|Any CPU
		{1ED74F11-BF22-450C-824D-DF8E5A4CBB8F}.Release|Any CPU.ActiveCfg = Release|Any CPU
		{1ED74F11-BF22-450C-824D-DF8E5A4CBB8F}.Release|Any CPU.Build.0 = Release|Any CPU
		{CF8A92E9-E975-4526-B940-2549A3199104}.Debug|Any CPU.ActiveCfg = Debug|Any CPU
		{CF8A92E9-E975-4526-B940-2549A3199104}.Debug|Any CPU.Build.0 = Debug|Any CPU
		{CF8A92E9-E975-4526-B940-2549A3199104}.Release|Any CPU.ActiveCfg = Release|Any CPU
		{CF8A92E9-E975-4526-B940-2549A3199104}.Release|Any CPU.Build.0 = Release|Any CPU
		{51CCE61D-81F0-47A6-BB34-CF5D62B5E9BC}.Debug|Any CPU.ActiveCfg = Debug|Any CPU
		{51CCE61D-81F0-47A6-BB34-CF5D62B5E9BC}.Debug|Any CPU.Build.0 = Debug|Any CPU
		{51CCE61D-81F0-47A6-BB34-CF5D62B5E9BC}.Release|Any CPU.ActiveCfg = Release|Any CPU
		{51CCE61D-81F0-47A6-BB34-CF5D62B5E9BC}.Release|Any CPU.Build.0 = Release|Any CPU
		{930CCC1C-13A8-475D-AC2B-3E157CC64880}.Debug|Any CPU.ActiveCfg = Debug|Any CPU
		{930CCC1C-13A8-475D-AC2B-3E157CC64880}.Debug|Any CPU.Build.0 = Debug|Any CPU
		{930CCC1C-13A8-475D-AC2B-3E157CC64880}.Release|Any CPU.ActiveCfg = Release|Any CPU
		{930CCC1C-13A8-475D-AC2B-3E157CC64880}.Release|Any CPU.Build.0 = Release|Any CPU
		{74AB1AA4-6357-4EE3-98B6-82FFC9AA32B5}.Debug|Any CPU.ActiveCfg = Debug|Any CPU
		{74AB1AA4-6357-4EE3-98B6-82FFC9AA32B5}.Debug|Any CPU.Build.0 = Debug|Any CPU
		{74AB1AA4-6357-4EE3-98B6-82FFC9AA32B5}.Release|Any CPU.ActiveCfg = Release|Any CPU
		{74AB1AA4-6357-4EE3-98B6-82FFC9AA32B5}.Release|Any CPU.Build.0 = Release|Any CPU
		{B53E38FD-833D-4222-9A8C-826FEC74681F}.Debug|Any CPU.ActiveCfg = Debug|Any CPU
		{B53E38FD-833D-4222-9A8C-826FEC74681F}.Debug|Any CPU.Build.0 = Debug|Any CPU
		{B53E38FD-833D-4222-9A8C-826FEC74681F}.Release|Any CPU.ActiveCfg = Release|Any CPU
		{B53E38FD-833D-4222-9A8C-826FEC74681F}.Release|Any CPU.Build.0 = Release|Any CPU
		{08D27135-0443-423B-A608-7DAF45E18116}.Debug|Any CPU.ActiveCfg = Debug|Any CPU
		{08D27135-0443-423B-A608-7DAF45E18116}.Debug|Any CPU.Build.0 = Debug|Any CPU
		{08D27135-0443-423B-A608-7DAF45E18116}.Release|Any CPU.ActiveCfg = Release|Any CPU
		{08D27135-0443-423B-A608-7DAF45E18116}.Release|Any CPU.Build.0 = Release|Any CPU
		{B3C34E06-EC12-451C-A5D8-2FFCDC96803C}.Debug|Any CPU.ActiveCfg = Debug|Any CPU
		{B3C34E06-EC12-451C-A5D8-2FFCDC96803C}.Debug|Any CPU.Build.0 = Debug|Any CPU
		{B3C34E06-EC12-451C-A5D8-2FFCDC96803C}.Release|Any CPU.ActiveCfg = Release|Any CPU
		{B3C34E06-EC12-451C-A5D8-2FFCDC96803C}.Release|Any CPU.Build.0 = Release|Any CPU
		{AE939916-94E1-4652-9768-4D3A43EA0A0C}.Debug|Any CPU.ActiveCfg = Debug|Any CPU
		{AE939916-94E1-4652-9768-4D3A43EA0A0C}.Debug|Any CPU.Build.0 = Debug|Any CPU
		{AE939916-94E1-4652-9768-4D3A43EA0A0C}.Release|Any CPU.ActiveCfg = Release|Any CPU
		{AE939916-94E1-4652-9768-4D3A43EA0A0C}.Release|Any CPU.Build.0 = Release|Any CPU
		{719ADC90-E888-4198-B7A8-ED01A0803201}.Debug|Any CPU.ActiveCfg = Debug|Any CPU
		{719ADC90-E888-4198-B7A8-ED01A0803201}.Debug|Any CPU.Build.0 = Debug|Any CPU
		{719ADC90-E888-4198-B7A8-ED01A0803201}.Release|Any CPU.ActiveCfg = Release|Any CPU
		{719ADC90-E888-4198-B7A8-ED01A0803201}.Release|Any CPU.Build.0 = Release|Any CPU
		{AE9B7A3D-E85D-4F64-BC8B-959083C896A3}.Debug|Any CPU.ActiveCfg = Debug|Any CPU
		{AE9B7A3D-E85D-4F64-BC8B-959083C896A3}.Debug|Any CPU.Build.0 = Debug|Any CPU
		{AE9B7A3D-E85D-4F64-BC8B-959083C896A3}.Release|Any CPU.ActiveCfg = Release|Any CPU
		{AE9B7A3D-E85D-4F64-BC8B-959083C896A3}.Release|Any CPU.Build.0 = Release|Any CPU
		{64567FDF-0D95-4D94-94BB-EFB4E25F94B9}.Debug|Any CPU.ActiveCfg = Debug|Any CPU
		{64567FDF-0D95-4D94-94BB-EFB4E25F94B9}.Debug|Any CPU.Build.0 = Debug|Any CPU
		{64567FDF-0D95-4D94-94BB-EFB4E25F94B9}.Release|Any CPU.ActiveCfg = Release|Any CPU
		{64567FDF-0D95-4D94-94BB-EFB4E25F94B9}.Release|Any CPU.Build.0 = Release|Any CPU
		{B1A1E8EE-7540-4BA3-9CB5-1CE98F5583AA}.Debug|Any CPU.ActiveCfg = Debug|Any CPU
		{B1A1E8EE-7540-4BA3-9CB5-1CE98F5583AA}.Debug|Any CPU.Build.0 = Debug|Any CPU
		{B1A1E8EE-7540-4BA3-9CB5-1CE98F5583AA}.Release|Any CPU.ActiveCfg = Release|Any CPU
		{B1A1E8EE-7540-4BA3-9CB5-1CE98F5583AA}.Release|Any CPU.Build.0 = Release|Any CPU
		{D397F1FF-2559-4BB4-8E96-1684458C1AF7}.Debug|Any CPU.ActiveCfg = Debug|Any CPU
		{D397F1FF-2559-4BB4-8E96-1684458C1AF7}.Debug|Any CPU.Build.0 = Debug|Any CPU
		{D397F1FF-2559-4BB4-8E96-1684458C1AF7}.Release|Any CPU.ActiveCfg = Release|Any CPU
		{D397F1FF-2559-4BB4-8E96-1684458C1AF7}.Release|Any CPU.Build.0 = Release|Any CPU
		{198122C9-7258-4502-9377-2186C223BF31}.Debug|Any CPU.ActiveCfg = Debug|Any CPU
		{198122C9-7258-4502-9377-2186C223BF31}.Debug|Any CPU.Build.0 = Debug|Any CPU
		{198122C9-7258-4502-9377-2186C223BF31}.Release|Any CPU.ActiveCfg = Release|Any CPU
		{198122C9-7258-4502-9377-2186C223BF31}.Release|Any CPU.Build.0 = Release|Any CPU
		{A49335F7-257C-4750-A8D8-814139F9B946}.Debug|Any CPU.ActiveCfg = Debug|Any CPU
		{A49335F7-257C-4750-A8D8-814139F9B946}.Debug|Any CPU.Build.0 = Debug|Any CPU
		{A49335F7-257C-4750-A8D8-814139F9B946}.Release|Any CPU.ActiveCfg = Release|Any CPU
		{A49335F7-257C-4750-A8D8-814139F9B946}.Release|Any CPU.Build.0 = Release|Any CPU
		{085451CC-6DC8-423E-9ED5-4918A80A0EE6}.Debug|Any CPU.ActiveCfg = Debug|Any CPU
		{085451CC-6DC8-423E-9ED5-4918A80A0EE6}.Debug|Any CPU.Build.0 = Debug|Any CPU
		{085451CC-6DC8-423E-9ED5-4918A80A0EE6}.Release|Any CPU.ActiveCfg = Release|Any CPU
		{085451CC-6DC8-423E-9ED5-4918A80A0EE6}.Release|Any CPU.Build.0 = Release|Any CPU
		{CD43B7AA-06AF-4B95-8189-44A2FDAABB11}.Debug|Any CPU.ActiveCfg = Debug|Any CPU
		{CD43B7AA-06AF-4B95-8189-44A2FDAABB11}.Debug|Any CPU.Build.0 = Debug|Any CPU
		{CD43B7AA-06AF-4B95-8189-44A2FDAABB11}.Release|Any CPU.ActiveCfg = Release|Any CPU
		{CD43B7AA-06AF-4B95-8189-44A2FDAABB11}.Release|Any CPU.Build.0 = Release|Any CPU
		{FFA6C5A5-12F8-455E-92A6-5EFB07E23BFD}.Debug|Any CPU.ActiveCfg = Debug|Any CPU
		{FFA6C5A5-12F8-455E-92A6-5EFB07E23BFD}.Debug|Any CPU.Build.0 = Debug|Any CPU
		{FFA6C5A5-12F8-455E-92A6-5EFB07E23BFD}.Release|Any CPU.ActiveCfg = Release|Any CPU
		{FFA6C5A5-12F8-455E-92A6-5EFB07E23BFD}.Release|Any CPU.Build.0 = Release|Any CPU
		{CE13D2CE-55B7-4BB9-AC51-229876B57AD2}.Debug|Any CPU.ActiveCfg = Debug|Any CPU
		{CE13D2CE-55B7-4BB9-AC51-229876B57AD2}.Debug|Any CPU.Build.0 = Debug|Any CPU
		{CE13D2CE-55B7-4BB9-AC51-229876B57AD2}.Release|Any CPU.ActiveCfg = Release|Any CPU
		{CE13D2CE-55B7-4BB9-AC51-229876B57AD2}.Release|Any CPU.Build.0 = Release|Any CPU
		{CA9A2306-FCD1-44E9-8DE3-58425E26CC8D}.Debug|Any CPU.ActiveCfg = Debug|Any CPU
		{CA9A2306-FCD1-44E9-8DE3-58425E26CC8D}.Debug|Any CPU.Build.0 = Debug|Any CPU
		{CA9A2306-FCD1-44E9-8DE3-58425E26CC8D}.Release|Any CPU.ActiveCfg = Release|Any CPU
		{CA9A2306-FCD1-44E9-8DE3-58425E26CC8D}.Release|Any CPU.Build.0 = Release|Any CPU
		{F269BD34-6650-4C4A-B551-47E36A07AC83}.Debug|Any CPU.ActiveCfg = Debug|Any CPU
		{F269BD34-6650-4C4A-B551-47E36A07AC83}.Debug|Any CPU.Build.0 = Debug|Any CPU
		{F269BD34-6650-4C4A-B551-47E36A07AC83}.Release|Any CPU.ActiveCfg = Release|Any CPU
		{F269BD34-6650-4C4A-B551-47E36A07AC83}.Release|Any CPU.Build.0 = Release|Any CPU
		{6F2618FB-0689-41CD-91DA-0703E1E6CAFD}.Debug|Any CPU.ActiveCfg = Debug|Any CPU
		{6F2618FB-0689-41CD-91DA-0703E1E6CAFD}.Debug|Any CPU.Build.0 = Debug|Any CPU
		{6F2618FB-0689-41CD-91DA-0703E1E6CAFD}.Release|Any CPU.ActiveCfg = Release|Any CPU
		{6F2618FB-0689-41CD-91DA-0703E1E6CAFD}.Release|Any CPU.Build.0 = Release|Any CPU
		{5C3755C2-5FE4-4481-AAE3-FB3AD238F09C}.Debug|Any CPU.ActiveCfg = Debug|Any CPU
		{5C3755C2-5FE4-4481-AAE3-FB3AD238F09C}.Debug|Any CPU.Build.0 = Debug|Any CPU
		{5C3755C2-5FE4-4481-AAE3-FB3AD238F09C}.Release|Any CPU.ActiveCfg = Release|Any CPU
		{5C3755C2-5FE4-4481-AAE3-FB3AD238F09C}.Release|Any CPU.Build.0 = Release|Any CPU
		{066B4738-6047-43F4-9AC9-AA34AA8BA331}.Debug|Any CPU.ActiveCfg = Debug|Any CPU
		{066B4738-6047-43F4-9AC9-AA34AA8BA331}.Debug|Any CPU.Build.0 = Debug|Any CPU
		{066B4738-6047-43F4-9AC9-AA34AA8BA331}.Release|Any CPU.ActiveCfg = Release|Any CPU
		{066B4738-6047-43F4-9AC9-AA34AA8BA331}.Release|Any CPU.Build.0 = Release|Any CPU
		{90B4207D-8EF8-4011-A97F-FFB6AB8950AB}.Debug|Any CPU.ActiveCfg = Debug|Any CPU
		{90B4207D-8EF8-4011-A97F-FFB6AB8950AB}.Debug|Any CPU.Build.0 = Debug|Any CPU
		{90B4207D-8EF8-4011-A97F-FFB6AB8950AB}.Release|Any CPU.ActiveCfg = Release|Any CPU
		{90B4207D-8EF8-4011-A97F-FFB6AB8950AB}.Release|Any CPU.Build.0 = Release|Any CPU
		{E52C83E5-2415-4248-B8B4-712595330C34}.Debug|Any CPU.ActiveCfg = Debug|Any CPU
		{E52C83E5-2415-4248-B8B4-712595330C34}.Debug|Any CPU.Build.0 = Debug|Any CPU
		{E52C83E5-2415-4248-B8B4-712595330C34}.Release|Any CPU.ActiveCfg = Release|Any CPU
		{E52C83E5-2415-4248-B8B4-712595330C34}.Release|Any CPU.Build.0 = Release|Any CPU
		{8C15D86D-DC8E-4F62-A623-92F55A81DA2F}.Debug|Any CPU.ActiveCfg = Debug|Any CPU
		{8C15D86D-DC8E-4F62-A623-92F55A81DA2F}.Debug|Any CPU.Build.0 = Debug|Any CPU
		{8C15D86D-DC8E-4F62-A623-92F55A81DA2F}.Release|Any CPU.ActiveCfg = Release|Any CPU
		{8C15D86D-DC8E-4F62-A623-92F55A81DA2F}.Release|Any CPU.Build.0 = Release|Any CPU
	EndGlobalSection
	GlobalSection(SolutionProperties) = preSolution
		HideSolutionNode = FALSE
	EndGlobalSection
	GlobalSection(ExtensibilityGlobals) = postSolution
		SolutionGuid = {B2C59E6C-44C8-4CBE-9362-96B24D359828}
	EndGlobalSection
EndGlobal
